
Microsoft Visual Studio Solution File, Format Version 12.00
# Visual Studio Version 16
VisualStudioVersion = 16.0.30503.244
MinimumVisualStudioVersion = 10.0.40219.1
Project("{FAE04EC0-301F-11D3-BF4B-00C04F79EFBC}") = "WpfApp1", "WpfApp1\WpfApp1.csproj", "{81E1AB2B-7DC0-41D0-8FEE-D3BC2631756A}"
EndProject
Global
	GlobalSection(SolutionConfigurationPlatforms) = preSolution
		Debug|Any CPU = Debug|Any CPU
		Release|Any CPU = Release|Any CPU
	EndGlobalSection
	GlobalSection(ProjectConfigurationPlatforms) = postSolution
		{81E1AB2B-7DC0-41D0-8FEE-D3BC2631756A}.Debug|Any CPU.ActiveCfg = Debug|Any CPU
		{81E1AB2B-7DC0-41D0-8FEE-D3BC2631756A}.Debug|Any CPU.Build.0 = Debug|Any CPU
		{81E1AB2B-7DC0-41D0-8FEE-D3BC2631756A}.Release|Any CPU.ActiveCfg = Release|Any CPU
		{81E1AB2B-7DC0-41D0-8FEE-D3BC2631756A}.Release|Any CPU.Build.0 = Release|Any CPU
	EndGlobalSection
	GlobalSection(SolutionProperties) = preSolution
		HideSolutionNode = FALSE
	EndGlobalSection
	GlobalSection(ExtensibilityGlobals) = postSolution
		SolutionGuid = {3370763F-2A7A-4956-BB05-174FAA8EAA4E}
	EndGlobalSection
EndGlobal
